// !$*UTF8*$!
{
	archiveVersion = 1;
	classes = {
	};
	objectVersion = 52;
	objects = {

/* Begin PBXBuildFile section */
		96185CB3253AADCD00C71FBB /* VerbModel.swift in Sources */ = {isa = PBXBuildFile; fileRef = 96185CB2253AADCD00C71FBB /* VerbModel.swift */; };
		96185CBE253BDFB900C71FBB /* String+InitialMutations.swift in Sources */ = {isa = PBXBuildFile; fileRef = 96185CBD253BDFB900C71FBB /* String+InitialMutations.swift */; };
		961B25E92534114D009F43F0 /* VerbEndings.swift in Sources */ = {isa = PBXBuildFile; fileRef = 961B25E82534114D009F43F0 /* VerbEndings.swift */; };
		963786FA2537D42E00DF52EC /* VerbInflector.swift in Sources */ = {isa = PBXBuildFile; fileRef = 963786F92537D42E00DF52EC /* VerbInflector.swift */; };
		96378705253806D500DF52EC /* VerbExtensions.swift in Sources */ = {isa = PBXBuildFile; fileRef = 96378704253806D500DF52EC /* VerbExtensions.swift */; };
		9637871225391C6500DF52EC /* verbs.csv in Resources */ = {isa = PBXBuildFile; fileRef = 9637871125391C6500DF52EC /* verbs.csv */; };
		9675F1E7252EA6FA00CAF7EC /* Assets.xcassets in Resources */ = {isa = PBXBuildFile; fileRef = 9675F1E6252EA6FA00CAF7EC /* Assets.xcassets */; };
		9675F1EA252EA6FA00CAF7EC /* Preview Assets.xcassets in Resources */ = {isa = PBXBuildFile; fileRef = 9675F1E9252EA6FA00CAF7EC /* Preview Assets.xcassets */; };
		9675F1EC252EA6FA00CAF7EC /* Persistence.swift in Sources */ = {isa = PBXBuildFile; fileRef = 9675F1EB252EA6FA00CAF7EC /* Persistence.swift */; };
		9675F1EF252EA6FA00CAF7EC /* Flips.xcdatamodeld in Sources */ = {isa = PBXBuildFile; fileRef = 9675F1ED252EA6FA00CAF7EC /* Flips.xcdatamodeld */; };
		9675F1FA252EA6FB00CAF7EC /* FlipsTests.swift in Sources */ = {isa = PBXBuildFile; fileRef = 9675F1F9252EA6FB00CAF7EC /* FlipsTests.swift */; };
		9675F205252EA6FB00CAF7EC /* FlipsUITests.swift in Sources */ = {isa = PBXBuildFile; fileRef = 9675F204252EA6FB00CAF7EC /* FlipsUITests.swift */; };
		96A8227C253BE0DE0012D839 /* FlipsApp.swift in Sources */ = {isa = PBXBuildFile; fileRef = 96A82277253BE0DE0012D839 /* FlipsApp.swift */; };
		96A8227D253BE0DE0012D839 /* EditVerbView.swift in Sources */ = {isa = PBXBuildFile; fileRef = 96A82278253BE0DE0012D839 /* EditVerbView.swift */; };
		96A8227E253BE0DE0012D839 /* VerbConjugationView.swift in Sources */ = {isa = PBXBuildFile; fileRef = 96A82279253BE0DE0012D839 /* VerbConjugationView.swift */; };
		96A8227F253BE0DE0012D839 /* CardsView.swift in Sources */ = {isa = PBXBuildFile; fileRef = 96A8227A253BE0DE0012D839 /* CardsView.swift */; };
		96DC38472542806F00A00805 /* VerbEditor.swift in Sources */ = {isa = PBXBuildFile; fileRef = 96DC38462542806F00A00805 /* VerbEditor.swift */; };
		96DC38502545324F00A00805 /* AQUI in Frameworks */ = {isa = PBXBuildFile; productRef = 96DC384F2545324F00A00805 /* AQUI */; };
/* End PBXBuildFile section */

/* Begin PBXContainerItemProxy section */
		9675F1F6252EA6FB00CAF7EC /* PBXContainerItemProxy */ = {
			isa = PBXContainerItemProxy;
			containerPortal = 9675F1D7252EA6F800CAF7EC /* Project object */;
			proxyType = 1;
			remoteGlobalIDString = 9675F1DE252EA6F800CAF7EC;
			remoteInfo = Flips;
		};
		9675F201252EA6FB00CAF7EC /* PBXContainerItemProxy */ = {
			isa = PBXContainerItemProxy;
			containerPortal = 9675F1D7252EA6F800CAF7EC /* Project object */;
			proxyType = 1;
			remoteGlobalIDString = 9675F1DE252EA6F800CAF7EC;
			remoteInfo = Flips;
		};
/* End PBXContainerItemProxy section */

/* Begin PBXFileReference section */
		9606046C259DA7F700DFA24B /* DisOptionaled.xcdatamodel */ = {isa = PBXFileReference; lastKnownFileType = wrapper.xcdatamodel; path = DisOptionaled.xcdatamodel; sourceTree = "<group>"; };
		96185CB2253AADCD00C71FBB /* VerbModel.swift */ = {isa = PBXFileReference; lastKnownFileType = sourcecode.swift; path = VerbModel.swift; sourceTree = "<group>"; };
		96185CBD253BDFB900C71FBB /* String+InitialMutations.swift */ = {isa = PBXFileReference; lastKnownFileType = sourcecode.swift; path = "String+InitialMutations.swift"; sourceTree = "<group>"; };
		961B25E82534114D009F43F0 /* VerbEndings.swift */ = {isa = PBXFileReference; lastKnownFileType = sourcecode.swift; path = VerbEndings.swift; sourceTree = "<group>"; };
		963786F92537D42E00DF52EC /* VerbInflector.swift */ = {isa = PBXFileReference; lastKnownFileType = sourcecode.swift; path = VerbInflector.swift; sourceTree = "<group>"; };
		96378704253806D500DF52EC /* VerbExtensions.swift */ = {isa = PBXFileReference; lastKnownFileType = sourcecode.swift; path = VerbExtensions.swift; sourceTree = "<group>"; };
		9637871125391C6500DF52EC /* verbs.csv */ = {isa = PBXFileReference; fileEncoding = 4; lastKnownFileType = text; path = verbs.csv; sourceTree = "<group>"; };
		9675F1DF252EA6F800CAF7EC /* Flips.app */ = {isa = PBXFileReference; explicitFileType = wrapper.application; includeInIndex = 0; path = Flips.app; sourceTree = BUILT_PRODUCTS_DIR; };
		9675F1E6252EA6FA00CAF7EC /* Assets.xcassets */ = {isa = PBXFileReference; lastKnownFileType = folder.assetcatalog; path = Assets.xcassets; sourceTree = "<group>"; };
		9675F1E9252EA6FA00CAF7EC /* Preview Assets.xcassets */ = {isa = PBXFileReference; lastKnownFileType = folder.assetcatalog; path = "Preview Assets.xcassets"; sourceTree = "<group>"; };
		9675F1EB252EA6FA00CAF7EC /* Persistence.swift */ = {isa = PBXFileReference; lastKnownFileType = sourcecode.swift; path = Persistence.swift; sourceTree = "<group>"; };
		9675F1EE252EA6FA00CAF7EC /* Flips.xcdatamodel */ = {isa = PBXFileReference; lastKnownFileType = wrapper.xcdatamodel; path = Flips.xcdatamodel; sourceTree = "<group>"; };
		9675F1F0252EA6FA00CAF7EC /* Info.plist */ = {isa = PBXFileReference; lastKnownFileType = text.plist.xml; path = Info.plist; sourceTree = "<group>"; };
		9675F1F5252EA6FB00CAF7EC /* FlipsTests.xctest */ = {isa = PBXFileReference; explicitFileType = wrapper.cfbundle; includeInIndex = 0; path = FlipsTests.xctest; sourceTree = BUILT_PRODUCTS_DIR; };
		9675F1F9252EA6FB00CAF7EC /* FlipsTests.swift */ = {isa = PBXFileReference; lastKnownFileType = sourcecode.swift; path = FlipsTests.swift; sourceTree = "<group>"; };
		9675F1FB252EA6FB00CAF7EC /* Info.plist */ = {isa = PBXFileReference; lastKnownFileType = text.plist.xml; path = Info.plist; sourceTree = "<group>"; };
		9675F200252EA6FB00CAF7EC /* FlipsUITests.xctest */ = {isa = PBXFileReference; explicitFileType = wrapper.cfbundle; includeInIndex = 0; path = FlipsUITests.xctest; sourceTree = BUILT_PRODUCTS_DIR; };
		9675F204252EA6FB00CAF7EC /* FlipsUITests.swift */ = {isa = PBXFileReference; lastKnownFileType = sourcecode.swift; path = FlipsUITests.swift; sourceTree = "<group>"; };
		9675F206252EA6FB00CAF7EC /* Info.plist */ = {isa = PBXFileReference; lastKnownFileType = text.plist.xml; path = Info.plist; sourceTree = "<group>"; };
		96A82277253BE0DE0012D839 /* FlipsApp.swift */ = {isa = PBXFileReference; fileEncoding = 4; lastKnownFileType = sourcecode.swift; path = FlipsApp.swift; sourceTree = "<group>"; };
		96A82278253BE0DE0012D839 /* EditVerbView.swift */ = {isa = PBXFileReference; fileEncoding = 4; lastKnownFileType = sourcecode.swift; path = EditVerbView.swift; sourceTree = "<group>"; };
		96A82279253BE0DE0012D839 /* VerbConjugationView.swift */ = {isa = PBXFileReference; fileEncoding = 4; lastKnownFileType = sourcecode.swift; path = VerbConjugationView.swift; sourceTree = "<group>"; };
		96A8227A253BE0DE0012D839 /* CardsView.swift */ = {isa = PBXFileReference; fileEncoding = 4; lastKnownFileType = sourcecode.swift; path = CardsView.swift; sourceTree = "<group>"; };
		96C5D10F25625408008A3CC6 /* Irregulars.xcdatamodel */ = {isa = PBXFileReference; lastKnownFileType = wrapper.xcdatamodel; path = Irregulars.xcdatamodel; sourceTree = "<group>"; };
		96DC38462542806F00A00805 /* VerbEditor.swift */ = {isa = PBXFileReference; lastKnownFileType = sourcecode.swift; path = VerbEditor.swift; sourceTree = "<group>"; };
		96EC281925A83277005D25EE /* Transitives.xcdatamodel */ = {isa = PBXFileReference; lastKnownFileType = wrapper.xcdatamodel; path = Transitives.xcdatamodel; sourceTree = "<group>"; };
/* End PBXFileReference section */

/* Begin PBXFrameworksBuildPhase section */
		9675F1DC252EA6F800CAF7EC /* Frameworks */ = {
			isa = PBXFrameworksBuildPhase;
			buildActionMask = 2147483647;
			files = (
				96DC38502545324F00A00805 /* AQUI in Frameworks */,
			);
			runOnlyForDeploymentPostprocessing = 0;
		};
		9675F1F2252EA6FB00CAF7EC /* Frameworks */ = {
			isa = PBXFrameworksBuildPhase;
			buildActionMask = 2147483647;
			files = (
			);
			runOnlyForDeploymentPostprocessing = 0;
		};
		9675F1FD252EA6FB00CAF7EC /* Frameworks */ = {
			isa = PBXFrameworksBuildPhase;
			buildActionMask = 2147483647;
			files = (
			);
			runOnlyForDeploymentPostprocessing = 0;
		};
/* End PBXFrameworksBuildPhase section */

/* Begin PBXGroup section */
		96185CC5253BE05900C71FBB /* Models */ = {
			isa = PBXGroup;
			children = (
				9637871125391C6500DF52EC /* verbs.csv */,
				9675F1EB252EA6FA00CAF7EC /* Persistence.swift */,
				9675F1ED252EA6FA00CAF7EC /* Flips.xcdatamodeld */,
			);
			path = Models;
			sourceTree = "<group>";
		};
		961B25E7253410C1009F43F0 /* Grammar */ = {
			isa = PBXGroup;
			children = (
				96185CBD253BDFB900C71FBB /* String+InitialMutations.swift */,
				961B25E82534114D009F43F0 /* VerbEndings.swift */,
				96378704253806D500DF52EC /* VerbExtensions.swift */,
				963786F92537D42E00DF52EC /* VerbInflector.swift */,
				96185CB2253AADCD00C71FBB /* VerbModel.swift */,
			);
			path = Grammar;
			sourceTree = "<group>";
		};
		9675F1D6252EA6F800CAF7EC = {
			isa = PBXGroup;
			children = (
				9675F1E1252EA6F800CAF7EC /* Flips */,
				9675F1F8252EA6FB00CAF7EC /* FlipsTests */,
				9675F203252EA6FB00CAF7EC /* FlipsUITests */,
				9675F1E0252EA6F800CAF7EC /* Products */,
			);
			sourceTree = "<group>";
		};
		9675F1E0252EA6F800CAF7EC /* Products */ = {
			isa = PBXGroup;
			children = (
				9675F1DF252EA6F800CAF7EC /* Flips.app */,
				9675F1F5252EA6FB00CAF7EC /* FlipsTests.xctest */,
				9675F200252EA6FB00CAF7EC /* FlipsUITests.xctest */,
			);
			name = Products;
			sourceTree = "<group>";
		};
		9675F1E1252EA6F800CAF7EC /* Flips */ = {
			isa = PBXGroup;
			children = (
				9675F1F0252EA6FA00CAF7EC /* Info.plist */,
				961B25E7253410C1009F43F0 /* Grammar */,
				96185CC5253BE05900C71FBB /* Models */,
				9675F1E8252EA6FA00CAF7EC /* Preview Content */,
				96A82284253BE10A0012D839 /* Resources */,
				96A82276253BE0DE0012D839 /* Views */,
			);
			path = Flips;
			sourceTree = "<group>";
		};
		9675F1E8252EA6FA00CAF7EC /* Preview Content */ = {
			isa = PBXGroup;
			children = (
				9675F1E9252EA6FA00CAF7EC /* Preview Assets.xcassets */,
			);
			path = "Preview Content";
			sourceTree = "<group>";
		};
		9675F1F8252EA6FB00CAF7EC /* FlipsTests */ = {
			isa = PBXGroup;
			children = (
				9675F1F9252EA6FB00CAF7EC /* FlipsTests.swift */,
				9675F1FB252EA6FB00CAF7EC /* Info.plist */,
			);
			path = FlipsTests;
			sourceTree = "<group>";
		};
		9675F203252EA6FB00CAF7EC /* FlipsUITests */ = {
			isa = PBXGroup;
			children = (
				9675F204252EA6FB00CAF7EC /* FlipsUITests.swift */,
				9675F206252EA6FB00CAF7EC /* Info.plist */,
			);
			path = FlipsUITests;
			sourceTree = "<group>";
		};
		96A82276253BE0DE0012D839 /* Views */ = {
			isa = PBXGroup;
			children = (
				96A8227A253BE0DE0012D839 /* CardsView.swift */,
				96A82278253BE0DE0012D839 /* EditVerbView.swift */,
				96A82277253BE0DE0012D839 /* FlipsApp.swift */,
				96A82279253BE0DE0012D839 /* VerbConjugationView.swift */,
				96DC38462542806F00A00805 /* VerbEditor.swift */,
			);
			path = Views;
			sourceTree = "<group>";
		};
		96A82284253BE10A0012D839 /* Resources */ = {
			isa = PBXGroup;
			children = (
				9675F1E6252EA6FA00CAF7EC /* Assets.xcassets */,
			);
			path = Resources;
			sourceTree = "<group>";
		};
/* End PBXGroup section */

/* Begin PBXNativeTarget section */
		9675F1DE252EA6F800CAF7EC /* Flips */ = {
			isa = PBXNativeTarget;
			buildConfigurationList = 9675F209252EA6FB00CAF7EC /* Build configuration list for PBXNativeTarget "Flips" */;
			buildPhases = (
				9675F1DB252EA6F800CAF7EC /* Sources */,
				9675F1DC252EA6F800CAF7EC /* Frameworks */,
				9675F1DD252EA6F800CAF7EC /* Resources */,
			);
			buildRules = (
			);
			dependencies = (
			);
			name = Flips;
			packageProductDependencies = (
				96DC384F2545324F00A00805 /* AQUI */,
			);
			productName = Flips;
			productReference = 9675F1DF252EA6F800CAF7EC /* Flips.app */;
			productType = "com.apple.product-type.application";
		};
		9675F1F4252EA6FB00CAF7EC /* FlipsTests */ = {
			isa = PBXNativeTarget;
			buildConfigurationList = 9675F20C252EA6FB00CAF7EC /* Build configuration list for PBXNativeTarget "FlipsTests" */;
			buildPhases = (
				9675F1F1252EA6FB00CAF7EC /* Sources */,
				9675F1F2252EA6FB00CAF7EC /* Frameworks */,
				9675F1F3252EA6FB00CAF7EC /* Resources */,
			);
			buildRules = (
			);
			dependencies = (
				9675F1F7252EA6FB00CAF7EC /* PBXTargetDependency */,
			);
			name = FlipsTests;
			productName = FlipsTests;
			productReference = 9675F1F5252EA6FB00CAF7EC /* FlipsTests.xctest */;
			productType = "com.apple.product-type.bundle.unit-test";
		};
		9675F1FF252EA6FB00CAF7EC /* FlipsUITests */ = {
			isa = PBXNativeTarget;
			buildConfigurationList = 9675F20F252EA6FB00CAF7EC /* Build configuration list for PBXNativeTarget "FlipsUITests" */;
			buildPhases = (
				9675F1FC252EA6FB00CAF7EC /* Sources */,
				9675F1FD252EA6FB00CAF7EC /* Frameworks */,
				9675F1FE252EA6FB00CAF7EC /* Resources */,
			);
			buildRules = (
			);
			dependencies = (
				9675F202252EA6FB00CAF7EC /* PBXTargetDependency */,
			);
			name = FlipsUITests;
			productName = FlipsUITests;
			productReference = 9675F200252EA6FB00CAF7EC /* FlipsUITests.xctest */;
			productType = "com.apple.product-type.bundle.ui-testing";
		};
/* End PBXNativeTarget section */

/* Begin PBXProject section */
		9675F1D7252EA6F800CAF7EC /* Project object */ = {
			isa = PBXProject;
			attributes = {
				LastSwiftUpdateCheck = 1200;
				LastUpgradeCheck = 1200;
				TargetAttributes = {
					9675F1DE252EA6F800CAF7EC = {
						CreatedOnToolsVersion = 12.0;
					};
					9675F1F4252EA6FB00CAF7EC = {
						CreatedOnToolsVersion = 12.0;
						TestTargetID = 9675F1DE252EA6F800CAF7EC;
					};
					9675F1FF252EA6FB00CAF7EC = {
						CreatedOnToolsVersion = 12.0;
						TestTargetID = 9675F1DE252EA6F800CAF7EC;
					};
				};
			};
			buildConfigurationList = 9675F1DA252EA6F800CAF7EC /* Build configuration list for PBXProject "Flips" */;
			compatibilityVersion = "Xcode 9.3";
			developmentRegion = en;
			hasScannedForEncodings = 0;
			knownRegions = (
				en,
				Base,
			);
			mainGroup = 9675F1D6252EA6F800CAF7EC;
			packageReferences = (
				96DC384E2545324F00A00805 /* XCRemoteSwiftPackageReference "AQUI" */,
			);
			productRefGroup = 9675F1E0252EA6F800CAF7EC /* Products */;
			projectDirPath = "";
			projectRoot = "";
			targets = (
				9675F1DE252EA6F800CAF7EC /* Flips */,
				9675F1F4252EA6FB00CAF7EC /* FlipsTests */,
				9675F1FF252EA6FB00CAF7EC /* FlipsUITests */,
			);
		};
/* End PBXProject section */

/* Begin PBXResourcesBuildPhase section */
		9675F1DD252EA6F800CAF7EC /* Resources */ = {
			isa = PBXResourcesBuildPhase;
			buildActionMask = 2147483647;
			files = (
				9675F1EA252EA6FA00CAF7EC /* Preview Assets.xcassets in Resources */,
				9637871225391C6500DF52EC /* verbs.csv in Resources */,
				9675F1E7252EA6FA00CAF7EC /* Assets.xcassets in Resources */,
			);
			runOnlyForDeploymentPostprocessing = 0;
		};
		9675F1F3252EA6FB00CAF7EC /* Resources */ = {
			isa = PBXResourcesBuildPhase;
			buildActionMask = 2147483647;
			files = (
			);
			runOnlyForDeploymentPostprocessing = 0;
		};
		9675F1FE252EA6FB00CAF7EC /* Resources */ = {
			isa = PBXResourcesBuildPhase;
			buildActionMask = 2147483647;
			files = (
			);
			runOnlyForDeploymentPostprocessing = 0;
		};
/* End PBXResourcesBuildPhase section */

/* Begin PBXSourcesBuildPhase section */
		9675F1DB252EA6F800CAF7EC /* Sources */ = {
			isa = PBXSourcesBuildPhase;
			buildActionMask = 2147483647;
			files = (
				96A8227F253BE0DE0012D839 /* CardsView.swift in Sources */,
				96A8227D253BE0DE0012D839 /* EditVerbView.swift in Sources */,
				96DC38472542806F00A00805 /* VerbEditor.swift in Sources */,
				96A8227C253BE0DE0012D839 /* FlipsApp.swift in Sources */,
				9675F1EF252EA6FA00CAF7EC /* Flips.xcdatamodeld in Sources */,
				9675F1EC252EA6FA00CAF7EC /* Persistence.swift in Sources */,
				961B25E92534114D009F43F0 /* VerbEndings.swift in Sources */,
				96A8227E253BE0DE0012D839 /* VerbConjugationView.swift in Sources */,
				96185CBE253BDFB900C71FBB /* String+InitialMutations.swift in Sources */,
				963786FA2537D42E00DF52EC /* VerbInflector.swift in Sources */,
				96185CB3253AADCD00C71FBB /* VerbModel.swift in Sources */,
				96378705253806D500DF52EC /* VerbExtensions.swift in Sources */,
			);
			runOnlyForDeploymentPostprocessing = 0;
		};
		9675F1F1252EA6FB00CAF7EC /* Sources */ = {
			isa = PBXSourcesBuildPhase;
			buildActionMask = 2147483647;
			files = (
				9675F1FA252EA6FB00CAF7EC /* FlipsTests.swift in Sources */,
			);
			runOnlyForDeploymentPostprocessing = 0;
		};
		9675F1FC252EA6FB00CAF7EC /* Sources */ = {
			isa = PBXSourcesBuildPhase;
			buildActionMask = 2147483647;
			files = (
				9675F205252EA6FB00CAF7EC /* FlipsUITests.swift in Sources */,
			);
			runOnlyForDeploymentPostprocessing = 0;
		};
/* End PBXSourcesBuildPhase section */

/* Begin PBXTargetDependency section */
		9675F1F7252EA6FB00CAF7EC /* PBXTargetDependency */ = {
			isa = PBXTargetDependency;
			target = 9675F1DE252EA6F800CAF7EC /* Flips */;
			targetProxy = 9675F1F6252EA6FB00CAF7EC /* PBXContainerItemProxy */;
		};
		9675F202252EA6FB00CAF7EC /* PBXTargetDependency */ = {
			isa = PBXTargetDependency;
			target = 9675F1DE252EA6F800CAF7EC /* Flips */;
			targetProxy = 9675F201252EA6FB00CAF7EC /* PBXContainerItemProxy */;
		};
/* End PBXTargetDependency section */

/* Begin XCBuildConfiguration section */
		9675F207252EA6FB00CAF7EC /* Debug */ = {
			isa = XCBuildConfiguration;
			buildSettings = {
				ALWAYS_SEARCH_USER_PATHS = NO;
				CLANG_ANALYZER_NONNULL = YES;
				CLANG_ANALYZER_NUMBER_OBJECT_CONVERSION = YES_AGGRESSIVE;
				CLANG_CXX_LANGUAGE_STANDARD = "gnu++14";
				CLANG_CXX_LIBRARY = "libc++";
				CLANG_ENABLE_MODULES = YES;
				CLANG_ENABLE_OBJC_ARC = YES;
				CLANG_ENABLE_OBJC_WEAK = YES;
				CLANG_WARN_BLOCK_CAPTURE_AUTORELEASING = YES;
				CLANG_WARN_BOOL_CONVERSION = YES;
				CLANG_WARN_COMMA = YES;
				CLANG_WARN_CONSTANT_CONVERSION = YES;
				CLANG_WARN_DEPRECATED_OBJC_IMPLEMENTATIONS = YES;
				CLANG_WARN_DIRECT_OBJC_ISA_USAGE = YES_ERROR;
				CLANG_WARN_DOCUMENTATION_COMMENTS = YES;
				CLANG_WARN_EMPTY_BODY = YES;
				CLANG_WARN_ENUM_CONVERSION = YES;
				CLANG_WARN_INFINITE_RECURSION = YES;
				CLANG_WARN_INT_CONVERSION = YES;
				CLANG_WARN_NON_LITERAL_NULL_CONVERSION = YES;
				CLANG_WARN_OBJC_IMPLICIT_RETAIN_SELF = YES;
				CLANG_WARN_OBJC_LITERAL_CONVERSION = YES;
				CLANG_WARN_OBJC_ROOT_CLASS = YES_ERROR;
				CLANG_WARN_QUOTED_INCLUDE_IN_FRAMEWORK_HEADER = YES;
				CLANG_WARN_RANGE_LOOP_ANALYSIS = YES;
				CLANG_WARN_STRICT_PROTOTYPES = YES;
				CLANG_WARN_SUSPICIOUS_MOVE = YES;
				CLANG_WARN_UNGUARDED_AVAILABILITY = YES_AGGRESSIVE;
				CLANG_WARN_UNREACHABLE_CODE = YES;
				CLANG_WARN__DUPLICATE_METHOD_MATCH = YES;
				COPY_PHASE_STRIP = NO;
				DEBUG_INFORMATION_FORMAT = dwarf;
				ENABLE_STRICT_OBJC_MSGSEND = YES;
				ENABLE_TESTABILITY = YES;
				GCC_C_LANGUAGE_STANDARD = gnu11;
				GCC_DYNAMIC_NO_PIC = NO;
				GCC_NO_COMMON_BLOCKS = YES;
				GCC_OPTIMIZATION_LEVEL = 0;
				GCC_PREPROCESSOR_DEFINITIONS = (
					"DEBUG=1",
					"$(inherited)",
				);
				GCC_WARN_64_TO_32_BIT_CONVERSION = YES;
				GCC_WARN_ABOUT_RETURN_TYPE = YES_ERROR;
				GCC_WARN_UNDECLARED_SELECTOR = YES;
				GCC_WARN_UNINITIALIZED_AUTOS = YES_AGGRESSIVE;
				GCC_WARN_UNUSED_FUNCTION = YES;
				GCC_WARN_UNUSED_VARIABLE = YES;
				IPHONEOS_DEPLOYMENT_TARGET = 14.0;
				MTL_ENABLE_DEBUG_INFO = INCLUDE_SOURCE;
				MTL_FAST_MATH = YES;
				ONLY_ACTIVE_ARCH = YES;
				SDKROOT = iphoneos;
				SWIFT_ACTIVE_COMPILATION_CONDITIONS = DEBUG;
				SWIFT_OPTIMIZATION_LEVEL = "-Onone";
			};
			name = Debug;
		};
		9675F208252EA6FB00CAF7EC /* Release */ = {
			isa = XCBuildConfiguration;
			buildSettings = {
				ALWAYS_SEARCH_USER_PATHS = NO;
				CLANG_ANALYZER_NONNULL = YES;
				CLANG_ANALYZER_NUMBER_OBJECT_CONVERSION = YES_AGGRESSIVE;
				CLANG_CXX_LANGUAGE_STANDARD = "gnu++14";
				CLANG_CXX_LIBRARY = "libc++";
				CLANG_ENABLE_MODULES = YES;
				CLANG_ENABLE_OBJC_ARC = YES;
				CLANG_ENABLE_OBJC_WEAK = YES;
				CLANG_WARN_BLOCK_CAPTURE_AUTORELEASING = YES;
				CLANG_WARN_BOOL_CONVERSION = YES;
				CLANG_WARN_COMMA = YES;
				CLANG_WARN_CONSTANT_CONVERSION = YES;
				CLANG_WARN_DEPRECATED_OBJC_IMPLEMENTATIONS = YES;
				CLANG_WARN_DIRECT_OBJC_ISA_USAGE = YES_ERROR;
				CLANG_WARN_DOCUMENTATION_COMMENTS = YES;
				CLANG_WARN_EMPTY_BODY = YES;
				CLANG_WARN_ENUM_CONVERSION = YES;
				CLANG_WARN_INFINITE_RECURSION = YES;
				CLANG_WARN_INT_CONVERSION = YES;
				CLANG_WARN_NON_LITERAL_NULL_CONVERSION = YES;
				CLANG_WARN_OBJC_IMPLICIT_RETAIN_SELF = YES;
				CLANG_WARN_OBJC_LITERAL_CONVERSION = YES;
				CLANG_WARN_OBJC_ROOT_CLASS = YES_ERROR;
				CLANG_WARN_QUOTED_INCLUDE_IN_FRAMEWORK_HEADER = YES;
				CLANG_WARN_RANGE_LOOP_ANALYSIS = YES;
				CLANG_WARN_STRICT_PROTOTYPES = YES;
				CLANG_WARN_SUSPICIOUS_MOVE = YES;
				CLANG_WARN_UNGUARDED_AVAILABILITY = YES_AGGRESSIVE;
				CLANG_WARN_UNREACHABLE_CODE = YES;
				CLANG_WARN__DUPLICATE_METHOD_MATCH = YES;
				COPY_PHASE_STRIP = NO;
				DEBUG_INFORMATION_FORMAT = "dwarf-with-dsym";
				ENABLE_NS_ASSERTIONS = NO;
				ENABLE_STRICT_OBJC_MSGSEND = YES;
				GCC_C_LANGUAGE_STANDARD = gnu11;
				GCC_NO_COMMON_BLOCKS = YES;
				GCC_WARN_64_TO_32_BIT_CONVERSION = YES;
				GCC_WARN_ABOUT_RETURN_TYPE = YES_ERROR;
				GCC_WARN_UNDECLARED_SELECTOR = YES;
				GCC_WARN_UNINITIALIZED_AUTOS = YES_AGGRESSIVE;
				GCC_WARN_UNUSED_FUNCTION = YES;
				GCC_WARN_UNUSED_VARIABLE = YES;
				IPHONEOS_DEPLOYMENT_TARGET = 14.0;
				MTL_ENABLE_DEBUG_INFO = NO;
				MTL_FAST_MATH = YES;
				SDKROOT = iphoneos;
				SWIFT_COMPILATION_MODE = wholemodule;
				SWIFT_OPTIMIZATION_LEVEL = "-O";
				VALIDATE_PRODUCT = YES;
			};
			name = Release;
		};
		9675F20A252EA6FB00CAF7EC /* Debug */ = {
			isa = XCBuildConfiguration;
			buildSettings = {
				ASSETCATALOG_COMPILER_APPICON_NAME = AppIcon;
				ASSETCATALOG_COMPILER_GLOBAL_ACCENT_COLOR_NAME = AccentColor;
				CODE_SIGN_STYLE = Automatic;
				DEVELOPMENT_ASSET_PATHS = "\"Flips/Preview Content\"";
				DEVELOPMENT_TEAM = 3MY7LL9G36;
				ENABLE_PREVIEWS = YES;
				INFOPLIST_FILE = Flips/Info.plist;
				IPHONEOS_DEPLOYMENT_TARGET = 14.0;
				LD_RUNPATH_SEARCH_PATHS = (
					"$(inherited)",
					"@executable_path/Frameworks",
				);
				PRODUCT_BUNDLE_IDENTIFIER = com.poikile.Flips;
				PRODUCT_NAME = "$(TARGET_NAME)";
				SWIFT_VERSION = 5.0;
				TARGETED_DEVICE_FAMILY = "1,2";
			};
			name = Debug;
		};
		9675F20B252EA6FB00CAF7EC /* Release */ = {
			isa = XCBuildConfiguration;
			buildSettings = {
				ASSETCATALOG_COMPILER_APPICON_NAME = AppIcon;
				ASSETCATALOG_COMPILER_GLOBAL_ACCENT_COLOR_NAME = AccentColor;
				CODE_SIGN_STYLE = Automatic;
				DEVELOPMENT_ASSET_PATHS = "\"Flips/Preview Content\"";
				DEVELOPMENT_TEAM = 3MY7LL9G36;
				ENABLE_PREVIEWS = YES;
				INFOPLIST_FILE = Flips/Info.plist;
				IPHONEOS_DEPLOYMENT_TARGET = 14.0;
				LD_RUNPATH_SEARCH_PATHS = (
					"$(inherited)",
					"@executable_path/Frameworks",
				);
				PRODUCT_BUNDLE_IDENTIFIER = com.poikile.Flips;
				PRODUCT_NAME = "$(TARGET_NAME)";
				SWIFT_VERSION = 5.0;
				TARGETED_DEVICE_FAMILY = "1,2";
			};
			name = Release;
		};
		9675F20D252EA6FB00CAF7EC /* Debug */ = {
			isa = XCBuildConfiguration;
			buildSettings = {
				ALWAYS_EMBED_SWIFT_STANDARD_LIBRARIES = YES;
				BUNDLE_LOADER = "$(TEST_HOST)";
				CODE_SIGN_STYLE = Automatic;
				DEVELOPMENT_TEAM = 3MY7LL9G36;
				INFOPLIST_FILE = FlipsTests/Info.plist;
				IPHONEOS_DEPLOYMENT_TARGET = 14.0;
				LD_RUNPATH_SEARCH_PATHS = (
					"$(inherited)",
					"@executable_path/Frameworks",
					"@loader_path/Frameworks",
				);
				PRODUCT_BUNDLE_IDENTIFIER = com.poikile.FlipsTests;
				PRODUCT_NAME = "$(TARGET_NAME)";
				SWIFT_VERSION = 5.0;
				TARGETED_DEVICE_FAMILY = "1,2";
				TEST_HOST = "$(BUILT_PRODUCTS_DIR)/Flips.app/Flips";
			};
			name = Debug;
		};
		9675F20E252EA6FB00CAF7EC /* Release */ = {
			isa = XCBuildConfiguration;
			buildSettings = {
				ALWAYS_EMBED_SWIFT_STANDARD_LIBRARIES = YES;
				BUNDLE_LOADER = "$(TEST_HOST)";
				CODE_SIGN_STYLE = Automatic;
				DEVELOPMENT_TEAM = 3MY7LL9G36;
				INFOPLIST_FILE = FlipsTests/Info.plist;
				IPHONEOS_DEPLOYMENT_TARGET = 14.0;
				LD_RUNPATH_SEARCH_PATHS = (
					"$(inherited)",
					"@executable_path/Frameworks",
					"@loader_path/Frameworks",
				);
				PRODUCT_BUNDLE_IDENTIFIER = com.poikile.FlipsTests;
				PRODUCT_NAME = "$(TARGET_NAME)";
				SWIFT_VERSION = 5.0;
				TARGETED_DEVICE_FAMILY = "1,2";
				TEST_HOST = "$(BUILT_PRODUCTS_DIR)/Flips.app/Flips";
			};
			name = Release;
		};
		9675F210252EA6FB00CAF7EC /* Debug */ = {
			isa = XCBuildConfiguration;
			buildSettings = {
				ALWAYS_EMBED_SWIFT_STANDARD_LIBRARIES = YES;
				CODE_SIGN_STYLE = Automatic;
				DEVELOPMENT_TEAM = 3MY7LL9G36;
				INFOPLIST_FILE = FlipsUITests/Info.plist;
				LD_RUNPATH_SEARCH_PATHS = (
					"$(inherited)",
					"@executable_path/Frameworks",
					"@loader_path/Frameworks",
				);
				PRODUCT_BUNDLE_IDENTIFIER = com.poikile.FlipsUITests;
				PRODUCT_NAME = "$(TARGET_NAME)";
				SWIFT_VERSION = 5.0;
				TARGETED_DEVICE_FAMILY = "1,2";
				TEST_TARGET_NAME = Flips;
			};
			name = Debug;
		};
		9675F211252EA6FB00CAF7EC /* Release */ = {
			isa = XCBuildConfiguration;
			buildSettings = {
				ALWAYS_EMBED_SWIFT_STANDARD_LIBRARIES = YES;
				CODE_SIGN_STYLE = Automatic;
				DEVELOPMENT_TEAM = 3MY7LL9G36;
				INFOPLIST_FILE = FlipsUITests/Info.plist;
				LD_RUNPATH_SEARCH_PATHS = (
					"$(inherited)",
					"@executable_path/Frameworks",
					"@loader_path/Frameworks",
				);
				PRODUCT_BUNDLE_IDENTIFIER = com.poikile.FlipsUITests;
				PRODUCT_NAME = "$(TARGET_NAME)";
				SWIFT_VERSION = 5.0;
				TARGETED_DEVICE_FAMILY = "1,2";
				TEST_TARGET_NAME = Flips;
			};
			name = Release;
		};
/* End XCBuildConfiguration section */

/* Begin XCConfigurationList section */
		9675F1DA252EA6F800CAF7EC /* Build configuration list for PBXProject "Flips" */ = {
			isa = XCConfigurationList;
			buildConfigurations = (
				9675F207252EA6FB00CAF7EC /* Debug */,
				9675F208252EA6FB00CAF7EC /* Release */,
			);
			defaultConfigurationIsVisible = 0;
			defaultConfigurationName = Release;
		};
		9675F209252EA6FB00CAF7EC /* Build configuration list for PBXNativeTarget "Flips" */ = {
			isa = XCConfigurationList;
			buildConfigurations = (
				9675F20A252EA6FB00CAF7EC /* Debug */,
				9675F20B252EA6FB00CAF7EC /* Release */,
			);
			defaultConfigurationIsVisible = 0;
			defaultConfigurationName = Release;
		};
		9675F20C252EA6FB00CAF7EC /* Build configuration list for PBXNativeTarget "FlipsTests" */ = {
			isa = XCConfigurationList;
			buildConfigurations = (
				9675F20D252EA6FB00CAF7EC /* Debug */,
				9675F20E252EA6FB00CAF7EC /* Release */,
			);
			defaultConfigurationIsVisible = 0;
			defaultConfigurationName = Release;
		};
		9675F20F252EA6FB00CAF7EC /* Build configuration list for PBXNativeTarget "FlipsUITests" */ = {
			isa = XCConfigurationList;
			buildConfigurations = (
				9675F210252EA6FB00CAF7EC /* Debug */,
				9675F211252EA6FB00CAF7EC /* Release */,
			);
			defaultConfigurationIsVisible = 0;
			defaultConfigurationName = Release;
		};
/* End XCConfigurationList section */

/* Begin XCRemoteSwiftPackageReference section */
		96DC384E2545324F00A00805 /* XCRemoteSwiftPackageReference "AQUI" */ = {
			isa = XCRemoteSwiftPackageReference;
			repositoryURL = "https://github.com/AlanQuatermain/AQUI";
			requirement = {
				kind = upToNextMajorVersion;
				minimumVersion = 0.1.5;
			};
		};
/* End XCRemoteSwiftPackageReference section */

/* Begin XCSwiftPackageProductDependency section */
		96DC384F2545324F00A00805 /* AQUI */ = {
			isa = XCSwiftPackageProductDependency;
			package = 96DC384E2545324F00A00805 /* XCRemoteSwiftPackageReference "AQUI" */;
			productName = AQUI;
		};
/* End XCSwiftPackageProductDependency section */

/* Begin XCVersionGroup section */
		9675F1ED252EA6FA00CAF7EC /* Flips.xcdatamodeld */ = {
			isa = XCVersionGroup;
			children = (
				96EC281925A83277005D25EE /* Transitives.xcdatamodel */,
				9606046C259DA7F700DFA24B /* DisOptionaled.xcdatamodel */,
				96C5D10F25625408008A3CC6 /* Irregulars.xcdatamodel */,
				9675F1EE252EA6FA00CAF7EC /* Flips.xcdatamodel */,
			);
			currentVersion = 96EC281925A83277005D25EE /* Transitives.xcdatamodel */;
			path = Flips.xcdatamodeld;
			sourceTree = "<group>";
			versionGroupType = wrapper.xcdatamodel;
		};
/* End XCVersionGroup section */
	};
	rootObject = 9675F1D7252EA6F800CAF7EC /* Project object */;
}
